// !$*UTF8*$!
{
	archiveVersion = 1;
	classes = {
	};
	objectVersion = 46;
	objects = {

/* Begin PBXBuildFile section */
		D80D95E31E24A20C000D3E07 /* AppDelegate.m in Sources */ = {isa = PBXBuildFile; fileRef = D80D95E21E24A20C000D3E07 /* AppDelegate.m */; };
		D80D95E61E24A20C000D3E07 /* main.m in Sources */ = {isa = PBXBuildFile; fileRef = D80D95E51E24A20C000D3E07 /* main.m */; };
		D80D95E81E24A20C000D3E07 /* Assets.xcassets in Resources */ = {isa = PBXBuildFile; fileRef = D80D95E71E24A20C000D3E07 /* Assets.xcassets */; };
		D80D95EB1E24A20C000D3E07 /* MainMenu.xib in Resources */ = {isa = PBXBuildFile; fileRef = D80D95E91E24A20C000D3E07 /* MainMenu.xib */; };
		D80D95FA1E24A235000D3E07 /* icon.icns in Resources */ = {isa = PBXBuildFile; fileRef = D80D95F91E24A235000D3E07 /* icon.icns */; };
		D80D95FE1E24A235000D3E07 /* ShareViewController.m in Sources */ = {isa = PBXBuildFile; fileRef = D80D95FD1E24A235000D3E07 /* ShareViewController.m */; };
		D80D96021E24A235000D3E07 /* PDF Share.appex in Embed App Extensions */ = {isa = PBXBuildFile; fileRef = D80D95F61E24A235000D3E07 /* PDF Share.appex */; settings = {ATTRIBUTES = (RemoveHeadersOnCopy, ); }; };
/* End PBXBuildFile section */

/* Begin PBXContainerItemProxy section */
		D80D96001E24A235000D3E07 /* PBXContainerItemProxy */ = {
			isa = PBXContainerItemProxy;
			containerPortal = D80D95D61E24A20C000D3E07 /* Project object */;
			proxyType = 1;
			remoteGlobalIDString = D80D95F51E24A235000D3E07;
			remoteInfo = "PDF Share";
		};
/* End PBXContainerItemProxy section */

/* Begin PBXCopyFilesBuildPhase section */
		D80D96061E24A235000D3E07 /* Embed App Extensions */ = {
			isa = PBXCopyFilesBuildPhase;
			buildActionMask = 2147483647;
			dstPath = "";
			dstSubfolderSpec = 13;
			files = (
				D80D96021E24A235000D3E07 /* PDF Share.appex in Embed App Extensions */,
			);
			name = "Embed App Extensions";
			runOnlyForDeploymentPostprocessing = 0;
		};
/* End PBXCopyFilesBuildPhase section */

/* Begin PBXFileReference section */
		D80D95DE1E24A20C000D3E07 /* PDF Share Extension App.app */ = {isa = PBXFileReference; explicitFileType = wrapper.application; includeInIndex = 0; path = "PDF Share Extension App.app"; sourceTree = BUILT_PRODUCTS_DIR; };
		D80D95E11E24A20C000D3E07 /* AppDelegate.h */ = {isa = PBXFileReference; lastKnownFileType = sourcecode.c.h; path = AppDelegate.h; sourceTree = "<group>"; };
		D80D95E21E24A20C000D3E07 /* AppDelegate.m */ = {isa = PBXFileReference; lastKnownFileType = sourcecode.c.objc; path = AppDelegate.m; sourceTree = "<group>"; };
		D80D95E51E24A20C000D3E07 /* main.m */ = {isa = PBXFileReference; lastKnownFileType = sourcecode.c.objc; path = main.m; sourceTree = "<group>"; };
		D80D95E71E24A20C000D3E07 /* Assets.xcassets */ = {isa = PBXFileReference; lastKnownFileType = folder.assetcatalog; path = Assets.xcassets; sourceTree = "<group>"; };
		D80D95EA1E24A20C000D3E07 /* Base */ = {isa = PBXFileReference; lastKnownFileType = file.xib; name = Base; path = Base.lproj/MainMenu.xib; sourceTree = "<group>"; };
		D80D95EC1E24A20C000D3E07 /* Info.plist */ = {isa = PBXFileReference; lastKnownFileType = text.plist.xml; path = Info.plist; sourceTree = "<group>"; };
		D80D95F61E24A235000D3E07 /* PDF Share.appex */ = {isa = PBXFileReference; explicitFileType = "wrapper.app-extension"; includeInIndex = 0; path = "PDF Share.appex"; sourceTree = BUILT_PRODUCTS_DIR; };
		D80D95F91E24A235000D3E07 /* icon.icns */ = {isa = PBXFileReference; lastKnownFileType = image.icns; path = icon.icns; sourceTree = "<group>"; };
		D80D95FB1E24A235000D3E07 /* PDF_Share.entitlements */ = {isa = PBXFileReference; lastKnownFileType = text.plist.entitlements; path = PDF_Share.entitlements; sourceTree = "<group>"; };
		D80D95FC1E24A235000D3E07 /* ShareViewController.h */ = {isa = PBXFileReference; lastKnownFileType = sourcecode.c.h; path = ShareViewController.h; sourceTree = "<group>"; };
		D80D95FD1E24A235000D3E07 /* ShareViewController.m */ = {isa = PBXFileReference; lastKnownFileType = sourcecode.c.objc; path = ShareViewController.m; sourceTree = "<group>"; };
		D80D95FF1E24A235000D3E07 /* Info.plist */ = {isa = PBXFileReference; lastKnownFileType = text.plist.xml; path = Info.plist; sourceTree = "<group>"; };
/* End PBXFileReference section */

/* Begin PBXFrameworksBuildPhase section */
		D80D95DB1E24A20C000D3E07 /* Frameworks */ = {
			isa = PBXFrameworksBuildPhase;
			buildActionMask = 2147483647;
			files = (
			);
			runOnlyForDeploymentPostprocessing = 0;
		};
		D80D95F31E24A235000D3E07 /* Frameworks */ = {
			isa = PBXFrameworksBuildPhase;
			buildActionMask = 2147483647;
			files = (
			);
			runOnlyForDeploymentPostprocessing = 0;
		};
/* End PBXFrameworksBuildPhase section */

/* Begin PBXGroup section */
		D80D95D51E24A20C000D3E07 = {
			isa = PBXGroup;
			children = (
				D80D95E01E24A20C000D3E07 /* PDF Share Extension App */,
				D80D95F71E24A235000D3E07 /* PDF Share */,
				D80D95DF1E24A20C000D3E07 /* Products */,
			);
			sourceTree = "<group>";
		};
		D80D95DF1E24A20C000D3E07 /* Products */ = {
			isa = PBXGroup;
			children = (
				D80D95DE1E24A20C000D3E07 /* PDF Share Extension App.app */,
				D80D95F61E24A235000D3E07 /* PDF Share.appex */,
			);
			name = Products;
			sourceTree = "<group>";
		};
		D80D95E01E24A20C000D3E07 /* PDF Share Extension App */ = {
			isa = PBXGroup;
			children = (
				D80D95E11E24A20C000D3E07 /* AppDelegate.h */,
				D80D95E21E24A20C000D3E07 /* AppDelegate.m */,
				D80D95E71E24A20C000D3E07 /* Assets.xcassets */,
				D80D95E91E24A20C000D3E07 /* MainMenu.xib */,
				D80D95EC1E24A20C000D3E07 /* Info.plist */,
				D80D95E41E24A20C000D3E07 /* Supporting Files */,
			);
			path = "PDF Share Extension App";
			sourceTree = "<group>";
		};
		D80D95E41E24A20C000D3E07 /* Supporting Files */ = {
			isa = PBXGroup;
			children = (
				D80D95E51E24A20C000D3E07 /* main.m */,
			);
			name = "Supporting Files";
			sourceTree = "<group>";
		};
		D80D95F71E24A235000D3E07 /* PDF Share */ = {
			isa = PBXGroup;
			children = (
				D80D95FC1E24A235000D3E07 /* ShareViewController.h */,
				D80D95FD1E24A235000D3E07 /* ShareViewController.m */,
				D80D95FF1E24A235000D3E07 /* Info.plist */,
				D80D95F81E24A235000D3E07 /* Supporting Files */,
			);
			path = "PDF Share";
			sourceTree = "<group>";
		};
		D80D95F81E24A235000D3E07 /* Supporting Files */ = {
			isa = PBXGroup;
			children = (
				D80D95F91E24A235000D3E07 /* icon.icns */,
				D80D95FB1E24A235000D3E07 /* PDF_Share.entitlements */,
			);
			name = "Supporting Files";
			sourceTree = "<group>";
		};
/* End PBXGroup section */

/* Begin PBXNativeTarget section */
		D80D95DD1E24A20C000D3E07 /* PDF Share Extension App */ = {
			isa = PBXNativeTarget;
			buildConfigurationList = D80D95EF1E24A20C000D3E07 /* Build configuration list for PBXNativeTarget "PDF Share Extension App" */;
			buildPhases = (
				D80D95DA1E24A20C000D3E07 /* Sources */,
				D80D95DB1E24A20C000D3E07 /* Frameworks */,
				D80D95DC1E24A20C000D3E07 /* Resources */,
				D80D96061E24A235000D3E07 /* Embed App Extensions */,
			);
			buildRules = (
			);
			dependencies = (
				D80D96011E24A235000D3E07 /* PBXTargetDependency */,
			);
			name = "PDF Share Extension App";
			productName = "PDF Share Extension App";
			productReference = D80D95DE1E24A20C000D3E07 /* PDF Share Extension App.app */;
			productType = "com.apple.product-type.application";
		};
		D80D95F51E24A235000D3E07 /* PDF Share */ = {
			isa = PBXNativeTarget;
			buildConfigurationList = D80D96031E24A235000D3E07 /* Build configuration list for PBXNativeTarget "PDF Share" */;
			buildPhases = (
				D80D95F21E24A235000D3E07 /* Sources */,
				D80D95F31E24A235000D3E07 /* Frameworks */,
				D80D95F41E24A235000D3E07 /* Resources */,
			);
			buildRules = (
			);
			dependencies = (
			);
			name = "PDF Share";
			productName = "PDF Share";
			productReference = D80D95F61E24A235000D3E07 /* PDF Share.appex */;
			productType = "com.apple.product-type.app-extension";
		};
/* End PBXNativeTarget section */

/* Begin PBXProject section */
		D80D95D61E24A20C000D3E07 /* Project object */ = {
			isa = PBXProject;
			attributes = {
				LastUpgradeCheck = 0820;
				TargetAttributes = {
					D80D95DD1E24A20C000D3E07 = {
						CreatedOnToolsVersion = 8.2.1;
						ProvisioningStyle = Automatic;
					};
					D80D95F51E24A235000D3E07 = {
						CreatedOnToolsVersion = 8.2.1;
						ProvisioningStyle = Automatic;
					};
				};
			};
			buildConfigurationList = D80D95D91E24A20C000D3E07 /* Build configuration list for PBXProject "PDF Share Extension App" */;
			compatibilityVersion = "Xcode 3.2";
			developmentRegion = English;
			hasScannedForEncodings = 0;
			knownRegions = (
				en,
				Base,
			);
			mainGroup = D80D95D51E24A20C000D3E07;
			productRefGroup = D80D95DF1E24A20C000D3E07 /* Products */;
			projectDirPath = "";
			projectRoot = "";
			targets = (
				D80D95DD1E24A20C000D3E07 /* PDF Share Extension App */,
				D80D95F51E24A235000D3E07 /* PDF Share */,
			);
		};
/* End PBXProject section */

/* Begin PBXResourcesBuildPhase section */
		D80D95DC1E24A20C000D3E07 /* Resources */ = {
			isa = PBXResourcesBuildPhase;
			buildActionMask = 2147483647;
			files = (
				D80D95E81E24A20C000D3E07 /* Assets.xcassets in Resources */,
				D80D95EB1E24A20C000D3E07 /* MainMenu.xib in Resources */,
			);
			runOnlyForDeploymentPostprocessing = 0;
		};
		D80D95F41E24A235000D3E07 /* Resources */ = {
			isa = PBXResourcesBuildPhase;
			buildActionMask = 2147483647;
			files = (
				D80D95FA1E24A235000D3E07 /* icon.icns in Resources */,
			);
			runOnlyForDeploymentPostprocessing = 0;
		};
/* End PBXResourcesBuildPhase section */

/* Begin PBXSourcesBuildPhase section */
		D80D95DA1E24A20C000D3E07 /* Sources */ = {
			isa = PBXSourcesBuildPhase;
			buildActionMask = 2147483647;
			files = (
				D80D95E61E24A20C000D3E07 /* main.m in Sources */,
				D80D95E31E24A20C000D3E07 /* AppDelegate.m in Sources */,
			);
			runOnlyForDeploymentPostprocessing = 0;
		};
		D80D95F21E24A235000D3E07 /* Sources */ = {
			isa = PBXSourcesBuildPhase;
			buildActionMask = 2147483647;
			files = (
				D80D95FE1E24A235000D3E07 /* ShareViewController.m in Sources */,
			);
			runOnlyForDeploymentPostprocessing = 0;
		};
/* End PBXSourcesBuildPhase section */

/* Begin PBXTargetDependency section */
		D80D96011E24A235000D3E07 /* PBXTargetDependency */ = {
			isa = PBXTargetDependency;
			target = D80D95F51E24A235000D3E07 /* PDF Share */;
			targetProxy = D80D96001E24A235000D3E07 /* PBXContainerItemProxy */;
		};
/* End PBXTargetDependency section */

/* Begin PBXVariantGroup section */
		D80D95E91E24A20C000D3E07 /* MainMenu.xib */ = {
			isa = PBXVariantGroup;
			children = (
				D80D95EA1E24A20C000D3E07 /* Base */,
			);
			name = MainMenu.xib;
			sourceTree = "<group>";
		};
/* End PBXVariantGroup section */

/* Begin XCBuildConfiguration section */
		D80D95ED1E24A20C000D3E07 /* Debug */ = {
			isa = XCBuildConfiguration;
			buildSettings = {
				ALWAYS_SEARCH_USER_PATHS = NO;
				CLANG_ANALYZER_NONNULL = YES;
				CLANG_CXX_LANGUAGE_STANDARD = "gnu++0x";
				CLANG_CXX_LIBRARY = "libc++";
				CLANG_ENABLE_MODULES = YES;
				CLANG_ENABLE_OBJC_ARC = YES;
				CLANG_WARN_BOOL_CONVERSION = YES;
				CLANG_WARN_CONSTANT_CONVERSION = YES;
				CLANG_WARN_DIRECT_OBJC_ISA_USAGE = YES_ERROR;
				CLANG_WARN_DOCUMENTATION_COMMENTS = YES;
				CLANG_WARN_EMPTY_BODY = YES;
				CLANG_WARN_ENUM_CONVERSION = YES;
				CLANG_WARN_INFINITE_RECURSION = YES;
				CLANG_WARN_INT_CONVERSION = YES;
				CLANG_WARN_OBJC_ROOT_CLASS = YES_ERROR;
				CLANG_WARN_SUSPICIOUS_MOVE = YES;
				CLANG_WARN_UNREACHABLE_CODE = YES;
				CLANG_WARN__DUPLICATE_METHOD_MATCH = YES;
				CODE_SIGN_IDENTITY = "-";
				COPY_PHASE_STRIP = NO;
				DEBUG_INFORMATION_FORMAT = dwarf;
				ENABLE_STRICT_OBJC_MSGSEND = YES;
				ENABLE_TESTABILITY = YES;
				GCC_C_LANGUAGE_STANDARD = gnu99;
				GCC_DYNAMIC_NO_PIC = NO;
				GCC_NO_COMMON_BLOCKS = YES;
				GCC_OPTIMIZATION_LEVEL = 0;
				GCC_PREPROCESSOR_DEFINITIONS = (
					"DEBUG=1",
					"$(inherited)",
				);
				GCC_WARN_64_TO_32_BIT_CONVERSION = YES;
				GCC_WARN_ABOUT_RETURN_TYPE = YES_ERROR;
				GCC_WARN_UNDECLARED_SELECTOR = YES;
				GCC_WARN_UNINITIALIZED_AUTOS = YES_AGGRESSIVE;
				GCC_WARN_UNUSED_FUNCTION = YES;
				GCC_WARN_UNUSED_VARIABLE = YES;
				MACOSX_DEPLOYMENT_TARGET = 10.12;
				MTL_ENABLE_DEBUG_INFO = YES;
				ONLY_ACTIVE_ARCH = YES;
				SDKROOT = macosx;
			};
			name = Debug;
		};
		D80D95EE1E24A20C000D3E07 /* Release */ = {
			isa = XCBuildConfiguration;
			buildSettings = {
				ALWAYS_SEARCH_USER_PATHS = NO;
				CLANG_ANALYZER_NONNULL = YES;
				CLANG_CXX_LANGUAGE_STANDARD = "gnu++0x";
				CLANG_CXX_LIBRARY = "libc++";
				CLANG_ENABLE_MODULES = YES;
				CLANG_ENABLE_OBJC_ARC = YES;
				CLANG_WARN_BOOL_CONVERSION = YES;
				CLANG_WARN_CONSTANT_CONVERSION = YES;
				CLANG_WARN_DIRECT_OBJC_ISA_USAGE = YES_ERROR;
				CLANG_WARN_DOCUMENTATION_COMMENTS = YES;
				CLANG_WARN_EMPTY_BODY = YES;
				CLANG_WARN_ENUM_CONVERSION = YES;
				CLANG_WARN_INFINITE_RECURSION = YES;
				CLANG_WARN_INT_CONVERSION = YES;
				CLANG_WARN_OBJC_ROOT_CLASS = YES_ERROR;
				CLANG_WARN_SUSPICIOUS_MOVE = YES;
				CLANG_WARN_UNREACHABLE_CODE = YES;
				CLANG_WARN__DUPLICATE_METHOD_MATCH = YES;
				CODE_SIGN_IDENTITY = "-";
				COPY_PHASE_STRIP = NO;
				DEBUG_INFORMATION_FORMAT = "dwarf-with-dsym";
				ENABLE_NS_ASSERTIONS = NO;
				ENABLE_STRICT_OBJC_MSGSEND = YES;
				GCC_C_LANGUAGE_STANDARD = gnu99;
				GCC_NO_COMMON_BLOCKS = YES;
				GCC_WARN_64_TO_32_BIT_CONVERSION = YES;
				GCC_WARN_ABOUT_RETURN_TYPE = YES_ERROR;
				GCC_WARN_UNDECLARED_SELECTOR = YES;
				GCC_WARN_UNINITIALIZED_AUTOS = YES_AGGRESSIVE;
				GCC_WARN_UNUSED_FUNCTION = YES;
				GCC_WARN_UNUSED_VARIABLE = YES;
				MACOSX_DEPLOYMENT_TARGET = 10.12;
				MTL_ENABLE_DEBUG_INFO = NO;
				SDKROOT = macosx;
			};
			name = Release;
		};
		D80D95F01E24A20C000D3E07 /* Debug */ = {
			isa = XCBuildConfiguration;
			buildSettings = {
				ASSETCATALOG_COMPILER_APPICON_NAME = AppIcon;
				COMBINE_HIDPI_IMAGES = YES;
				INFOPLIST_FILE = "PDF Share Extension App/Info.plist";
				LD_RUNPATH_SEARCH_PATHS = "$(inherited) @executable_path/../Frameworks";
				PRODUCT_BUNDLE_IDENTIFIER = "com.example.PDF-Share-Extension-App";
				PRODUCT_NAME = "$(TARGET_NAME)";
			};
			name = Debug;
		};
		D80D95F11E24A20C000D3E07 /* Release */ = {
			isa = XCBuildConfiguration;
			buildSettings = {
				ASSETCATALOG_COMPILER_APPICON_NAME = AppIcon;
				COMBINE_HIDPI_IMAGES = YES;
				INFOPLIST_FILE = "PDF Share Extension App/Info.plist";
				LD_RUNPATH_SEARCH_PATHS = "$(inherited) @executable_path/../Frameworks";
				PRODUCT_BUNDLE_IDENTIFIER = "com.example.PDF-Share-Extension-App";
				PRODUCT_NAME = "$(TARGET_NAME)";
			};
			name = Release;
		};
		D80D96041E24A235000D3E07 /* Debug */ = {
			isa = XCBuildConfiguration;
			buildSettings = {
				CODE_SIGN_ENTITLEMENTS = "PDF Share/PDF_Share.entitlements";
				COMBINE_HIDPI_IMAGES = YES;
				INFOPLIST_FILE = "PDF Share/Info.plist";
				LD_RUNPATH_SEARCH_PATHS = "$(inherited) @executable_path/../Frameworks @executable_path/../../../../Frameworks";
				PRODUCT_BUNDLE_IDENTIFIER = "com.example.PDF-Share-Extension-App.PDF-Share";
				PRODUCT_NAME = "$(TARGET_NAME)";
				SKIP_INSTALL = YES;
			};
			name = Debug;
		};
		D80D96051E24A235000D3E07 /* Release */ = {
			isa = XCBuildConfiguration;
			buildSettings = {
				CODE_SIGN_ENTITLEMENTS = "PDF Share/PDF_Share.entitlements";
				COMBINE_HIDPI_IMAGES = YES;
				INFOPLIST_FILE = "PDF Share/Info.plist";
				LD_RUNPATH_SEARCH_PATHS = "$(inherited) @executable_path/../Frameworks @executable_path/../../../../Frameworks";
				PRODUCT_BUNDLE_IDENTIFIER = "com.example.PDF-Share-Extension-App.PDF-Share";
				PRODUCT_NAME = "$(TARGET_NAME)";
				SKIP_INSTALL = YES;
			};
			name = Release;
		};
/* End XCBuildConfiguration section */

/* Begin XCConfigurationList section */
		D80D95D91E24A20C000D3E07 /* Build configuration list for PBXProject "PDF Share Extension App" */ = {
			isa = XCConfigurationList;
			buildConfigurations = (
				D80D95ED1E24A20C000D3E07 /* Debug */,
				D80D95EE1E24A20C000D3E07 /* Release */,
			);
			defaultConfigurationIsVisible = 0;
			defaultConfigurationName = Release;
		};
		D80D95EF1E24A20C000D3E07 /* Build configuration list for PBXNativeTarget "PDF Share Extension App" */ = {
			isa = XCConfigurationList;
			buildConfigurations = (
				D80D95F01E24A20C000D3E07 /* Debug */,
				D80D95F11E24A20C000D3E07 /* Release */,
			);
			defaultConfigurationIsVisible = 0;
		};
		D80D96031E24A235000D3E07 /* Build configuration list for PBXNativeTarget "PDF Share" */ = {
			isa = XCConfigurationList;
			buildConfigurations = (
				D80D96041E24A235000D3E07 /* Debug */,
				D80D96051E24A235000D3E07 /* Release */,
			);
			defaultConfigurationIsVisible = 0;
		};
/* End XCConfigurationList section */
	};
	rootObject = D80D95D61E24A20C000D3E07 /* Project object */;
}
